# This file is autogenerated, do not edit; changes may be undone by the next 'dep ensure'.


[[projects]]
  name = "github.com/PuerkitoBio/goquery"
  packages = ["."]
  revision = "09540e565986583836b5fc792fe951ec5fd201dd"
  version = "v1.3.0"

[[projects]]
  branch = "master"
  name = "github.com/andybalholm/cascadia"
  packages = ["."]
  revision = "349dd0209470eabd9514242c688c403c0926d266"

[[projects]]
  name = "github.com/asaskevich/govalidator"
  packages = ["."]
  revision = "521b25f4b05fd26bec69d9dedeb8f9c9a83939a8"
  version = "v8"

[[projects]]
  name = "github.com/bbrks/wrap"
  packages = ["."]
  revision = "e60be0e25cebe43945acf3541683f59e3029c24c"
  version = "v2.3.0"

[[projects]]
  name = "github.com/fatih/color"
  packages = ["."]
  revision = "507f6050b8568533fb3f5504de8e5205fa62a114"
  version = "v1.6.0"

[[projects]]
  branch = "master"
  name = "github.com/gin-gonic/gin"
  packages = ["json"]
  revision = "783c7ee9c14eac0e65b501664b4f553291556b43"

[[projects]]
  branch = "master"
  name = "github.com/hashicorp/go-cleanhttp"
  packages = ["."]
  revision = "d5fe4b57a186c716b0e00b8c301cbd9b4182694d"

[[projects]]
  branch = "master"
  name = "github.com/hashicorp/go-retryablehttp"
  packages = ["."]
  revision = "794af36148bf63c118d6db80eb902a136b907e71"

[[projects]]
  name = "github.com/json-iterator/go"
  packages = ["."]
  revision = "e7c7f3b33712573affdcc7a107218e7926b9a05b"
  version = "1.0.6"

[[projects]]
  name = "github.com/magefile/mage"
  packages = [
    "build",
    "mage",
    "mg",
    "parse",
    "parse/srcimporter",
    "sh",
    "types"
  ]
  revision = "ab3ca2f6f85577d7ec82e0a6df721147a2e737f9"
  version = "v2.0.1"

[[projects]]
  name = "github.com/mattn/go-colorable"
  packages = ["."]
  revision = "167de6bfdfba052fa6b2d3664c8f5272e23c9072"
  version = "v0.0.9"

[[projects]]
  name = "github.com/mattn/go-isatty"
  packages = ["."]
  revision = "0360b2af4f38e8d38c7fce2a9f4e702702d73a39"
  version = "v0.0.3"

[[projects]]
  branch = "master"
  name = "github.com/mreiferson/go-httpclient"
  packages = ["."]
  revision = "31f0106b4474f14bc441575c19d3a5fa21aa1f6c"

[[projects]]
  name = "github.com/pkg/errors"
  packages = ["."]
  revision = "645ef00459ed84a119197bfb8d8205042c6df63d"
  version = "v0.8.0"

[[projects]]
  name = "github.com/spf13/pflag"
  packages = ["."]
  revision = "e57e3eeb33f795204c1ca35f56c44f83227c6e66"
  version = "v1.0.0"

[[projects]]
  branch = "master"
  name = "golang.org/x/net"
  packages = [
    "html",
    "html/atom"
  ]
  revision = "cbe0f9307d0156177f9dd5dc85da1a31abc5f2fb"

[[projects]]
  branch = "master"
  name = "golang.org/x/sys"
  packages = ["unix"]
  revision = "37707fdb30a5b38865cfb95e5aab41707daec7fd"

[solve-meta]
  analyzer-name = "dep"
  analyzer-version = 1
  inputs-digest = "95e62bf1477b4bfb038092f54d2f200ea55b40f501cb8d6c8b42d338f9fea210"
  solver-name = "gps-cdcl"
  solver-version = 1
